
Microsoft Visual Studio Solution File, Format Version 12.00
# Visual Studio Version 16
VisualStudioVersion = 16.0.31515.178
MinimumVisualStudioVersion = 10.0.40219.1
Project("{F184B08F-C81C-45F6-A57F-5ABD9991F28F}") = "1 - First Class", "1 - First Class\1 - First Class.vbproj", "{0A007BC9-AFCE-46C1-B0DD-AE6D5C8F6106}"
EndProject
Global
	GlobalSection(SolutionConfigurationPlatforms) = preSolution
		Debug|Any CPU = Debug|Any CPU
		Release|Any CPU = Release|Any CPU
	EndGlobalSection
	GlobalSection(ProjectConfigurationPlatforms) = postSolution
		{0A007BC9-AFCE-46C1-B0DD-AE6D5C8F6106}.Debug|Any CPU.ActiveCfg = Debug|Any CPU
		{0A007BC9-AFCE-46C1-B0DD-AE6D5C8F6106}.Debug|Any CPU.Build.0 = Debug|Any CPU
		{0A007BC9-AFCE-46C1-B0DD-AE6D5C8F6106}.Release|Any CPU.ActiveCfg = Release|Any CPU
		{0A007BC9-AFCE-46C1-B0DD-AE6D5C8F6106}.Release|Any CPU.Build.0 = Release|Any CPU
	EndGlobalSection
	GlobalSection(SolutionProperties) = preSolution
		HideSolutionNode = FALSE
	EndGlobalSection
	GlobalSection(ExtensibilityGlobals) = postSolution
		SolutionGuid = {556DC8DC-1F4B-4861-A678-37B28B6A96DF}
	EndGlobalSection
EndGlobal
